
Microsoft Visual Studio Solution File, Format Version 12.00
# Visual Studio Version 16
VisualStudioVersion = 16.0.31729.503
MinimumVisualStudioVersion = 10.0.40219.1
Project("{FAE04EC0-301F-11D3-BF4B-00C04F79EFBC}") = "BuyOrSellSocks", "BuyOrSellSocks\BuyOrSellSocks\BuyOrSellSocks.csproj", "{5C857CFE-D625-4297-A77F-A39169516132}"
EndProject
Project("{FAE04EC0-301F-11D3-BF4B-00C04F79EFBC}") = "DAL", "BuyOrSellSocks\DAL\DAL.csproj", "{B7616CFB-3C12-4206-93A1-31975CA76EBC}"
EndProject
Global
	GlobalSection(SolutionConfigurationPlatforms) = preSolution
		Debug|Any CPU = Debug|Any CPU
		Release|Any CPU = Release|Any CPU
	EndGlobalSection
	GlobalSection(ProjectConfigurationPlatforms) = postSolution
		{5C857CFE-D625-4297-A77F-A39169516132}.Debug|Any CPU.ActiveCfg = Debug|Any CPU
		{5C857CFE-D625-4297-A77F-A39169516132}.Debug|Any CPU.Build.0 = Debug|Any CPU
		{5C857CFE-D625-4297-A77F-A39169516132}.Release|Any CPU.ActiveCfg = Release|Any CPU
		{5C857CFE-D625-4297-A77F-A39169516132}.Release|Any CPU.Build.0 = Release|Any CPU
		{B7616CFB-3C12-4206-93A1-31975CA76EBC}.Debug|Any CPU.ActiveCfg = Debug|Any CPU
		{B7616CFB-3C12-4206-93A1-31975CA76EBC}.Debug|Any CPU.Build.0 = Debug|Any CPU
		{B7616CFB-3C12-4206-93A1-31975CA76EBC}.Release|Any CPU.ActiveCfg = Release|Any CPU
		{B7616CFB-3C12-4206-93A1-31975CA76EBC}.Release|Any CPU.Build.0 = Release|Any CPU
	EndGlobalSection
	GlobalSection(SolutionProperties) = preSolution
		HideSolutionNode = FALSE
	EndGlobalSection
	GlobalSection(ExtensibilityGlobals) = postSolution
		SolutionGuid = {2F169E9A-861A-4130-B2A5-7A58879CEF99}
	EndGlobalSection
EndGlobal
